
Microsoft Visual Studio Solution File, Format Version 12.00
# Visual Studio Version 17
VisualStudioVersion = 17.11.35327.3
MinimumVisualStudioVersion = 10.0.40219.1
Project("{FAE04EC0-301F-11D3-BF4B-00C04F79EFBC}") = "HW 9.1. Vladyslav Huriev", "HW 9.1. Vladyslav Huriev\HW 9.1. Vladyslav Huriev.csproj", "{872EDDAF-8966-49AD-ADE3-9A249DA69299}"
EndProject
Global
	GlobalSection(SolutionConfigurationPlatforms) = preSolution
		Debug|Any CPU = Debug|Any CPU
		Release|Any CPU = Release|Any CPU
	EndGlobalSection
	GlobalSection(ProjectConfigurationPlatforms) = postSolution
		{872EDDAF-8966-49AD-ADE3-9A249DA69299}.Debug|Any CPU.ActiveCfg = Debug|Any CPU
		{872EDDAF-8966-49AD-ADE3-9A249DA69299}.Debug|Any CPU.Build.0 = Debug|Any CPU
		{872EDDAF-8966-49AD-ADE3-9A249DA69299}.Release|Any CPU.ActiveCfg = Release|Any CPU
		{872EDDAF-8966-49AD-ADE3-9A249DA69299}.Release|Any CPU.Build.0 = Release|Any CPU
	EndGlobalSection
	GlobalSection(SolutionProperties) = preSolution
		HideSolutionNode = FALSE
	EndGlobalSection
	GlobalSection(ExtensibilityGlobals) = postSolution
		SolutionGuid = {82A7DAD4-9CB3-45D9-93F9-2DADA008D4E6}
	EndGlobalSection
EndGlobal
